
Microsoft Visual Studio Solution File, Format Version 12.00
# Visual Studio Version 16
VisualStudioVersion = 16.0.31624.102
MinimumVisualStudioVersion = 10.0.40219.1
Project("{FAE04EC0-301F-11D3-BF4B-00C04F79EFBC}") = "MvcPelicula", "MvcPelicula\MvcPelicula.csproj", "{D497FB90-2136-448A-8ADA-F61C6F77AC05}"
EndProject
Global
	GlobalSection(SolutionConfigurationPlatforms) = preSolution
		Debug|Any CPU = Debug|Any CPU
		Release|Any CPU = Release|Any CPU
	EndGlobalSection
	GlobalSection(ProjectConfigurationPlatforms) = postSolution
		{D497FB90-2136-448A-8ADA-F61C6F77AC05}.Debug|Any CPU.ActiveCfg = Debug|Any CPU
		{D497FB90-2136-448A-8ADA-F61C6F77AC05}.Debug|Any CPU.Build.0 = Debug|Any CPU
		{D497FB90-2136-448A-8ADA-F61C6F77AC05}.Release|Any CPU.ActiveCfg = Release|Any CPU
		{D497FB90-2136-448A-8ADA-F61C6F77AC05}.Release|Any CPU.Build.0 = Release|Any CPU
	EndGlobalSection
	GlobalSection(SolutionProperties) = preSolution
		HideSolutionNode = FALSE
	EndGlobalSection
	GlobalSection(ExtensibilityGlobals) = postSolution
		SolutionGuid = {E3B2A187-3FBA-439A-9CF3-5DADED10F4D7}
	EndGlobalSection
EndGlobal
